PODS:
  - Alamofire (4.7.2)
  - Bolts (1.9.0):
    - Bolts/AppLinks (= 1.9.0)
    - Bolts/Tasks (= 1.9.0)
  - Bolts/AppLinks (1.9.0):
    - Bolts/Tasks
  - Bolts/Tasks (1.9.0)
  - CryptoSwift (0.10.0)
  - FacebookCore (0.3.1):
    - Bolts (~> 1.8)
    - FBSDKCoreKit (~> 4.33)
  - FacebookLogin (0.3.1):
    - Bolts (~> 1.8)
    - FacebookCore (~> 0.3.1)
    - FBSDKCoreKit (~> 4.33)
    - FBSDKLoginKit (~> 4.33)
  - FBSDKCoreKit (4.33.0):
    - Bolts (~> 1.7)
  - FBSDKLoginKit (4.33.0):
    - FBSDKCoreKit
  - Firebase (5.2.0):
    - Firebase/Core (= 5.2.0)
  - Firebase/Auth (5.2.0):
    - Firebase/CoreOnly
    - FirebaseAuth (= 5.0.1)
  - Firebase/Core (5.2.0):
    - Firebase/CoreOnly
    - FirebaseAnalytics (= 5.0.1)
  - Firebase/CoreOnly (5.2.0):
    - FirebaseCore (= 5.0.3)
  - Firebase/Database (5.2.0):
    - Firebase/CoreOnly
    - FirebaseDatabase (= 5.0.1)
  - Firebase/RemoteConfig (5.2.0):
    - Firebase/Core
    - FirebaseRemoteConfig (= 3.0.0)
  - Firebase/Storage (5.2.0):
    - Firebase/CoreOnly
    - FirebaseStorage (= 3.0.0)
  - FirebaseABTesting (2.0.0):
    - FirebaseCore (~> 5.0)
    - Protobuf (~> 3.5)
  - FirebaseAnalytics (5.0.1):
    - FirebaseCore (~> 5.0)
    - FirebaseInstanceID (~> 3.0)
    - "GoogleToolboxForMac/NSData+zlib (~> 2.1)"
    - nanopb (~> 0.3)
  - FirebaseAuth (5.0.1):
    - FirebaseCore (~> 5.0)
    - GTMSessionFetcher/Core (~> 1.1)
  - FirebaseCore (5.0.3):
    - "GoogleToolboxForMac/NSData+zlib (~> 2.1)"
  - FirebaseDatabase (5.0.1):
    - FirebaseCore (~> 5.0)
    - leveldb-library (~> 1.18)
  - FirebaseInstanceID (3.1.0):
    - FirebaseCore (~> 5.0)
  - FirebaseRemoteConfig (3.0.0):
    - FirebaseABTesting (~> 2.0)
    - FirebaseAnalytics (~> 5.0)
    - FirebaseCore (~> 5.0)
    - FirebaseInstanceID (~> 3.0)
    - "GoogleToolboxForMac/NSData+zlib (~> 2.1)"
    - Protobuf (~> 3.5)
  - FirebaseStorage (3.0.0):
    - FirebaseCore (~> 5.0)
    - GTMSessionFetcher/Core (~> 1.1)
  - GoogleToolboxForMac/Defines (2.1.4)
  - "GoogleToolboxForMac/NSData+zlib (2.1.4)":
    - GoogleToolboxForMac/Defines (= 2.1.4)
  - GTMSessionFetcher/Core (1.1.15)
  - Kingfisher (3.13.1)
  - leveldb-library (1.20)
  - Locksmith (4.0.0)
  - nanopb (0.3.8):
    - nanopb/decode (= 0.3.8)
    - nanopb/encode (= 0.3.8)
  - nanopb/decode (0.3.8)
  - nanopb/encode (0.3.8)
  - ObjectMapper (2.2.9)
  - Protobuf (3.6.0)
  - R.swift (4.0.0):
    - R.swift.Library (~> 4.0.0)
  - R.swift.Library (4.0.0)
  - ReachabilitySwift (3)
  - SVProgressHUD (2.2.5)
  - SwiftGifOrigin (1.6.1)

DEPENDENCIES:
  - Alamofire (~> 4.0)
  - CryptoSwift
  - FacebookCore
  - FacebookLogin
  - Firebase
  - Firebase/Auth
  - Firebase/Core
  - Firebase/Database
  - Firebase/RemoteConfig
  - Firebase/Storage
  - Kingfisher (~> 3.0)
  - Locksmith
  - ObjectMapper (~> 2.2)
  - R.swift
  - ReachabilitySwift (~> 3)
  - SVProgressHUD
  - SwiftGifOrigin (~> 1.6.1)

SPEC REPOS:
  https://github.com/cocoapods/specs.git:
    - Alamofire
    - Bolts
    - CryptoSwift
    - FacebookCore
    - FacebookLogin
    - FBSDKCoreKit
    - FBSDKLoginKit
    - Firebase
    - FirebaseABTesting
    - FirebaseAnalytics
    - FirebaseAuth
    - FirebaseCore
    - FirebaseDatabase
    - FirebaseInstanceID
    - FirebaseRemoteConfig
    - FirebaseStorage
    - GoogleToolboxForMac
    - GTMSessionFetcher
    - Kingfisher
    - leveldb-library
    - Locksmith
    - nanopb
    - ObjectMapper
    - Protobuf
    - R.swift
    - R.swift.Library
    - ReachabilitySwift
    - SVProgressHUD
    - SwiftGifOrigin

SPEC CHECKSUMS:
  Alamofire: e4fa87002c137ba2d8d634d2c51fabcda0d5c223
  Bolts: ac6567323eac61e203f6a9763667d0f711be34c8
  CryptoSwift: 6c778d69282bed3b4e975ff97a79d074f20bb011
  FacebookCore: 33078ef1d7d76b73f7e8c990dca7d3ea6db8d22f
  FacebookLogin: 6f15bf4fefd7a8865abbfa8fcd7f3dfd87aa275f
  FBSDKCoreKit: 572b047a7e029bc44542bcf8a59414e7ff2b543e
  FBSDKLoginKit: 88cb456349cfb3b554427ce4f8b43729d85dfb40
  Firebase: 25ed0412036d7d008568d1fb4d2e9d81ea8a0a2c
  FirebaseABTesting: 1f50b8d50f5e3469eea54e7463a7b7fe221d1f5e
  FirebaseAnalytics: b3628aea54c50464c32c393fb2ea032566e7ecc2
  FirebaseAuth: 463b8ce33bd5d05f706dcd4615499e3212b4132b
  FirebaseCore: a3c87242451633fff8490183898075ce77d168d2
  FirebaseDatabase: 482bad9c2abd422bb2321194fb8c937e67426a89
  FirebaseInstanceID: 05d779cbb97bd5bd5c51a38a903fc9cfe1b2454a
  FirebaseRemoteConfig: 3c57e4644bd6976b671ae0b725cd709f198bd1f5
  FirebaseStorage: 7ca4bb7b58a25fa647b04f524033fc7cb7eb272b
  GoogleToolboxForMac: 91c824d21e85b31c2aae9bb011c5027c9b4e738f
  GTMSessionFetcher: 5fa5b80fd20e439ef5f545fb2cb3ca6c6714caa2
  Kingfisher: ed9707a409cc47fddafbcd12a43a9757e3600af5
  leveldb-library: 08cba283675b7ed2d99629a4bc5fd052cd2bb6a5
  Locksmith: e9bebbaaa4cee3c511bc358a44f843c3fe00e21f
  nanopb: 5601e6bca2dbf1ed831b519092ec110f66982ca3
  ObjectMapper: 63cfe41bc6f8e7c8f44344c49901b8ae7de14c52
  Protobuf: 0fc0ad8bec688b2a3017a139953e01374fedbd5f
  R.swift: d6a5ec2f55a8441dc0ed9f1f8b37d7d11ae85c66
  R.swift.Library: c3af34921024333546e23b70e70d0b4e0cffca75
  ReachabilitySwift: f5b9bb30a0777fac8f09ce8b067e32faeb29bb64
  SVProgressHUD: 1428aafac632c1f86f62aa4243ec12008d7a51d6
  SwiftGifOrigin: d6679d3ebe9df2e049a84bc52582635107b581f6

PODFILE CHECKSUM: 0ed7ca816db28f80b9085a7184c332701b9f5b79

COCOAPODS: 1.5.3
